// !$*UTF8*$!
{
	archiveVersion = 1;
	classes = {
	};
	objectVersion = 50;
	objects = {

/* Begin PBXBuildFile section */
		6B6D9EA023527893001BF857 /* AppDelegate.swift in Sources */ = {isa = PBXBuildFile; fileRef = 6B6D9E9F23527893001BF857 /* AppDelegate.swift */; };
		6B6D9EA223527893001BF857 /* SceneDelegate.swift in Sources */ = {isa = PBXBuildFile; fileRef = 6B6D9EA123527893001BF857 /* SceneDelegate.swift */; };
		6B6D9EA423527893001BF857 /* ContentView.swift in Sources */ = {isa = PBXBuildFile; fileRef = 6B6D9EA323527893001BF857 /* ContentView.swift */; };
		6B6D9EA623527895001BF857 /* Assets.xcassets in Resources */ = {isa = PBXBuildFile; fileRef = 6B6D9EA523527895001BF857 /* Assets.xcassets */; };
		6B6D9EA923527895001BF857 /* Preview Assets.xcassets in Resources */ = {isa = PBXBuildFile; fileRef = 6B6D9EA823527895001BF857 /* Preview Assets.xcassets */; };
		6B6D9EAC23527895001BF857 /* LaunchScreen.storyboard in Resources */ = {isa = PBXBuildFile; fileRef = 6B6D9EAA23527895001BF857 /* LaunchScreen.storyboard */; };
		6B6D9EB723527895001BF857 /* trackrTests.swift in Sources */ = {isa = PBXBuildFile; fileRef = 6B6D9EB623527895001BF857 /* trackrTests.swift */; };
		6B6D9EC223527895001BF857 /* trackrUITests.swift in Sources */ = {isa = PBXBuildFile; fileRef = 6B6D9EC123527895001BF857 /* trackrUITests.swift */; };
/* End PBXBuildFile section */

/* Begin PBXContainerItemProxy section */
		6B6D9EB323527895001BF857 /* PBXContainerItemProxy */ = {
			isa = PBXContainerItemProxy;
			containerPortal = 6B6D9E9423527893001BF857 /* Project object */;
			proxyType = 1;
			remoteGlobalIDString = 6B6D9E9B23527893001BF857;
			remoteInfo = trackr;
		};
		6B6D9EBE23527895001BF857 /* PBXContainerItemProxy */ = {
			isa = PBXContainerItemProxy;
			containerPortal = 6B6D9E9423527893001BF857 /* Project object */;
			proxyType = 1;
			remoteGlobalIDString = 6B6D9E9B23527893001BF857;
			remoteInfo = trackr;
		};
/* End PBXContainerItemProxy section */

/* Begin PBXFileReference section */
		6B6D9E9C23527893001BF857 /* trackr.app */ = {isa = PBXFileReference; explicitFileType = wrapper.application; includeInIndex = 0; path = trackr.app; sourceTree = BUILT_PRODUCTS_DIR; };
		6B6D9E9F23527893001BF857 /* AppDelegate.swift */ = {isa = PBXFileReference; lastKnownFileType = sourcecode.swift; path = AppDelegate.swift; sourceTree = "<group>"; };
		6B6D9EA123527893001BF857 /* SceneDelegate.swift */ = {isa = PBXFileReference; lastKnownFileType = sourcecode.swift; path = SceneDelegate.swift; sourceTree = "<group>"; };
		6B6D9EA323527893001BF857 /* ContentView.swift */ = {isa = PBXFileReference; lastKnownFileType = sourcecode.swift; path = ContentView.swift; sourceTree = "<group>"; };
		6B6D9EA523527895001BF857 /* Assets.xcassets */ = {isa = PBXFileReference; lastKnownFileType = folder.assetcatalog; path = Assets.xcassets; sourceTree = "<group>"; };
		6B6D9EA823527895001BF857 /* Preview Assets.xcassets */ = {isa = PBXFileReference; lastKnownFileType = folder.assetcatalog; path = "Preview Assets.xcassets"; sourceTree = "<group>"; };
		6B6D9EAB23527895001BF857 /* Base */ = {isa = PBXFileReference; lastKnownFileType = file.storyboard; name = Base; path = Base.lproj/LaunchScreen.storyboard; sourceTree = "<group>"; };
		6B6D9EAD23527895001BF857 /* Info.plist */ = {isa = PBXFileReference; lastKnownFileType = text.plist.xml; path = Info.plist; sourceTree = "<group>"; };
		6B6D9EB223527895001BF857 /* trackrTests.xctest */ = {isa = PBXFileReference; explicitFileType = wrapper.cfbundle; includeInIndex = 0; path = trackrTests.xctest; sourceTree = BUILT_PRODUCTS_DIR; };
		6B6D9EB623527895001BF857 /* trackrTests.swift */ = {isa = PBXFileReference; lastKnownFileType = sourcecode.swift; path = trackrTests.swift; sourceTree = "<group>"; };
		6B6D9EB823527895001BF857 /* Info.plist */ = {isa = PBXFileReference; lastKnownFileType = text.plist.xml; path = Info.plist; sourceTree = "<group>"; };
		6B6D9EBD23527895001BF857 /* trackrUITests.xctest */ = {isa = PBXFileReference; explicitFileType = wrapper.cfbundle; includeInIndex = 0; path = trackrUITests.xctest; sourceTree = BUILT_PRODUCTS_DIR; };
		6B6D9EC123527895001BF857 /* trackrUITests.swift */ = {isa = PBXFileReference; lastKnownFileType = sourcecode.swift; path = trackrUITests.swift; sourceTree = "<group>"; };
		6B6D9EC323527895001BF857 /* Info.plist */ = {isa = PBXFileReference; lastKnownFileType = text.plist.xml; path = Info.plist; sourceTree = "<group>"; };
/* End PBXFileReference section */

/* Begin PBXFrameworksBuildPhase section */
		6B6D9E9923527893001BF857 /* Frameworks */ = {
			isa = PBXFrameworksBuildPhase;
			buildActionMask = 2147483647;
			files = (
			);
			runOnlyForDeploymentPostprocessing = 0;
		};
		6B6D9EAF23527895001BF857 /* Frameworks */ = {
			isa = PBXFrameworksBuildPhase;
			buildActionMask = 2147483647;
			files = (
			);
			runOnlyForDeploymentPostprocessing = 0;
		};
		6B6D9EBA23527895001BF857 /* Frameworks */ = {
			isa = PBXFrameworksBuildPhase;
			buildActionMask = 2147483647;
			files = (
			);
			runOnlyForDeploymentPostprocessing = 0;
		};
/* End PBXFrameworksBuildPhase section */

/* Begin PBXGroup section */
		6B6D9E9323527893001BF857 = {
			isa = PBXGroup;
			children = (
				6B6D9E9E23527893001BF857 /* trackr */,
				6B6D9EB523527895001BF857 /* trackrTests */,
				6B6D9EC023527895001BF857 /* trackrUITests */,
				6B6D9E9D23527893001BF857 /* Products */,
			);
			sourceTree = "<group>";
		};
		6B6D9E9D23527893001BF857 /* Products */ = {
			isa = PBXGroup;
			children = (
				6B6D9E9C23527893001BF857 /* trackr.app */,
				6B6D9EB223527895001BF857 /* trackrTests.xctest */,
				6B6D9EBD23527895001BF857 /* trackrUITests.xctest */,
			);
			name = Products;
			sourceTree = "<group>";
		};
		6B6D9E9E23527893001BF857 /* trackr */ = {
			isa = PBXGroup;
			children = (
				6B6D9E9F23527893001BF857 /* AppDelegate.swift */,
				6B6D9EA123527893001BF857 /* SceneDelegate.swift */,
				6B6D9EA323527893001BF857 /* ContentView.swift */,
				6B6D9EA523527895001BF857 /* Assets.xcassets */,
				6B6D9EAA23527895001BF857 /* LaunchScreen.storyboard */,
				6B6D9EAD23527895001BF857 /* Info.plist */,
				6B6D9EA723527895001BF857 /* Preview Content */,
			);
			path = trackr;
			sourceTree = "<group>";
		};
		6B6D9EA723527895001BF857 /* Preview Content */ = {
			isa = PBXGroup;
			children = (
				6B6D9EA823527895001BF857 /* Preview Assets.xcassets */,
			);
			path = "Preview Content";
			sourceTree = "<group>";
		};
		6B6D9EB523527895001BF857 /* trackrTests */ = {
			isa = PBXGroup;
			children = (
				6B6D9EB623527895001BF857 /* trackrTests.swift */,
				6B6D9EB823527895001BF857 /* Info.plist */,
			);
			path = trackrTests;
			sourceTree = "<group>";
		};
		6B6D9EC023527895001BF857 /* trackrUITests */ = {
			isa = PBXGroup;
			children = (
				6B6D9EC123527895001BF857 /* trackrUITests.swift */,
				6B6D9EC323527895001BF857 /* Info.plist */,
			);
			path = trackrUITests;
			sourceTree = "<group>";
		};
/* End PBXGroup section */

/* Begin PBXNativeTarget section */
		6B6D9E9B23527893001BF857 /* trackr */ = {
			isa = PBXNativeTarget;
			buildConfigurationList = 6B6D9EC623527895001BF857 /* Build configuration list for PBXNativeTarget "trackr" */;
			buildPhases = (
				6B6D9E9823527893001BF857 /* Sources */,
				6B6D9E9923527893001BF857 /* Frameworks */,
				6B6D9E9A23527893001BF857 /* Resources */,
			);
			buildRules = (
			);
			dependencies = (
			);
			name = trackr;
			productName = trackr;
			productReference = 6B6D9E9C23527893001BF857 /* trackr.app */;
			productType = "com.apple.product-type.application";
		};
		6B6D9EB123527895001BF857 /* trackrTests */ = {
			isa = PBXNativeTarget;
			buildConfigurationList = 6B6D9EC923527895001BF857 /* Build configuration list for PBXNativeTarget "trackrTests" */;
			buildPhases = (
				6B6D9EAE23527895001BF857 /* Sources */,
				6B6D9EAF23527895001BF857 /* Frameworks */,
				6B6D9EB023527895001BF857 /* Resources */,
			);
			buildRules = (
			);
			dependencies = (
				6B6D9EB423527895001BF857 /* PBXTargetDependency */,
			);
			name = trackrTests;
			productName = trackrTests;
			productReference = 6B6D9EB223527895001BF857 /* trackrTests.xctest */;
			productType = "com.apple.product-type.bundle.unit-test";
		};
		6B6D9EBC23527895001BF857 /* trackrUITests */ = {
			isa = PBXNativeTarget;
			buildConfigurationList = 6B6D9ECC23527895001BF857 /* Build configuration list for PBXNativeTarget "trackrUITests" */;
			buildPhases = (
				6B6D9EB923527895001BF857 /* Sources */,
				6B6D9EBA23527895001BF857 /* Frameworks */,
				6B6D9EBB23527895001BF857 /* Resources */,
			);
			buildRules = (
			);
			dependencies = (
				6B6D9EBF23527895001BF857 /* PBXTargetDependency */,
			);
			name = trackrUITests;
			productName = trackrUITests;
			productReference = 6B6D9EBD23527895001BF857 /* trackrUITests.xctest */;
			productType = "com.apple.product-type.bundle.ui-testing";
		};
/* End PBXNativeTarget section */

/* Begin PBXProject section */
		6B6D9E9423527893001BF857 /* Project object */ = {
			isa = PBXProject;
			attributes = {
				LastSwiftUpdateCheck = 1110;
				LastUpgradeCheck = 1110;
				ORGANIZATIONNAME = campbell;
				TargetAttributes = {
					6B6D9E9B23527893001BF857 = {
						CreatedOnToolsVersion = 11.1;
					};
					6B6D9EB123527895001BF857 = {
						CreatedOnToolsVersion = 11.1;
						TestTargetID = 6B6D9E9B23527893001BF857;
					};
					6B6D9EBC23527895001BF857 = {
						CreatedOnToolsVersion = 11.1;
						TestTargetID = 6B6D9E9B23527893001BF857;
					};
				};
			};
			buildConfigurationList = 6B6D9E9723527893001BF857 /* Build configuration list for PBXProject "trackr" */;
			compatibilityVersion = "Xcode 9.3";
			developmentRegion = en;
			hasScannedForEncodings = 0;
			knownRegions = (
				en,
				Base,
			);
			mainGroup = 6B6D9E9323527893001BF857;
			productRefGroup = 6B6D9E9D23527893001BF857 /* Products */;
			projectDirPath = "";
			projectRoot = "";
			targets = (
				6B6D9E9B23527893001BF857 /* trackr */,
				6B6D9EB123527895001BF857 /* trackrTests */,
				6B6D9EBC23527895001BF857 /* trackrUITests */,
			);
		};
/* End PBXProject section */

/* Begin PBXResourcesBuildPhase section */
		6B6D9E9A23527893001BF857 /* Resources */ = {
			isa = PBXResourcesBuildPhase;
			buildActionMask = 2147483647;
			files = (
				6B6D9EAC23527895001BF857 /* LaunchScreen.storyboard in Resources */,
				6B6D9EA923527895001BF857 /* Preview Assets.xcassets in Resources */,
				6B6D9EA623527895001BF857 /* Assets.xcassets in Resources */,
			);
			runOnlyForDeploymentPostprocessing = 0;
		};
		6B6D9EB023527895001BF857 /* Resources */ = {
			isa = PBXResourcesBuildPhase;
			buildActionMask = 2147483647;
			files = (
			);
			runOnlyForDeploymentPostprocessing = 0;
		};
		6B6D9EBB23527895001BF857 /* Resources */ = {
			isa = PBXResourcesBuildPhase;
			buildActionMask = 2147483647;
			files = (
			);
			runOnlyForDeploymentPostprocessing = 0;
		};
/* End PBXResourcesBuildPhase section */

/* Begin PBXSourcesBuildPhase section */
		6B6D9E9823527893001BF857 /* Sources */ = {
			isa = PBXSourcesBuildPhase;
			buildActionMask = 2147483647;
			files = (
				6B6D9EA023527893001BF857 /* AppDelegate.swift in Sources */,
				6B6D9EA223527893001BF857 /* SceneDelegate.swift in Sources */,
				6B6D9EA423527893001BF857 /* ContentView.swift in Sources */,
			);
			runOnlyForDeploymentPostprocessing = 0;
		};
		6B6D9EAE23527895001BF857 /* Sources */ = {
			isa = PBXSourcesBuildPhase;
			buildActionMask = 2147483647;
			files = (
				6B6D9EB723527895001BF857 /* trackrTests.swift in Sources */,
			);
			runOnlyForDeploymentPostprocessing = 0;
		};
		6B6D9EB923527895001BF857 /* Sources */ = {
			isa = PBXSourcesBuildPhase;
			buildActionMask = 2147483647;
			files = (
				6B6D9EC223527895001BF857 /* trackrUITests.swift in Sources */,
			);
			runOnlyForDeploymentPostprocessing = 0;
		};
/* End PBXSourcesBuildPhase section */

/* Begin PBXTargetDependency section */
		6B6D9EB423527895001BF857 /* PBXTargetDependency */ = {
			isa = PBXTargetDependency;
			target = 6B6D9E9B23527893001BF857 /* trackr */;
			targetProxy = 6B6D9EB323527895001BF857 /* PBXContainerItemProxy */;
		};
		6B6D9EBF23527895001BF857 /* PBXTargetDependency */ = {
			isa = PBXTargetDependency;
			target = 6B6D9E9B23527893001BF857 /* trackr */;
			targetProxy = 6B6D9EBE23527895001BF857 /* PBXContainerItemProxy */;
		};
/* End PBXTargetDependency section */

/* Begin PBXVariantGroup section */
		6B6D9EAA23527895001BF857 /* LaunchScreen.storyboard */ = {
			isa = PBXVariantGroup;
			children = (
				6B6D9EAB23527895001BF857 /* Base */,
			);
			name = LaunchScreen.storyboard;
			sourceTree = "<group>";
		};
/* End PBXVariantGroup section */

/* Begin XCBuildConfiguration section */
		6B6D9EC423527895001BF857 /* Debug */ = {
			isa = XCBuildConfiguration;
			buildSettings = {
				ALWAYS_SEARCH_USER_PATHS = NO;
				CLANG_ANALYZER_NONNULL = YES;
				CLANG_ANALYZER_NUMBER_OBJECT_CONVERSION = YES_AGGRESSIVE;
				CLANG_CXX_LANGUAGE_STANDARD = "gnu++14";
				CLANG_CXX_LIBRARY = "libc++";
				CLANG_ENABLE_MODULES = YES;
				CLANG_ENABLE_OBJC_ARC = YES;
				CLANG_ENABLE_OBJC_WEAK = YES;
				CLANG_WARN_BLOCK_CAPTURE_AUTORELEASING = YES;
				CLANG_WARN_BOOL_CONVERSION = YES;
				CLANG_WARN_COMMA = YES;
				CLANG_WARN_CONSTANT_CONVERSION = YES;
				CLANG_WARN_DEPRECATED_OBJC_IMPLEMENTATIONS = YES;
				CLANG_WARN_DIRECT_OBJC_ISA_USAGE = YES_ERROR;
				CLANG_WARN_DOCUMENTATION_COMMENTS = YES;
				CLANG_WARN_EMPTY_BODY = YES;
				CLANG_WARN_ENUM_CONVERSION = YES;
				CLANG_WARN_INFINITE_RECURSION = YES;
				CLANG_WARN_INT_CONVERSION = YES;
				CLANG_WARN_NON_LITERAL_NULL_CONVERSION = YES;
				CLANG_WARN_OBJC_IMPLICIT_RETAIN_SELF = YES;
				CLANG_WARN_OBJC_LITERAL_CONVERSION = YES;
				CLANG_WARN_OBJC_ROOT_CLASS = YES_ERROR;
				CLANG_WARN_RANGE_LOOP_ANALYSIS = YES;
				CLANG_WARN_STRICT_PROTOTYPES = YES;
				CLANG_WARN_SUSPICIOUS_MOVE = YES;
				CLANG_WARN_UNGUARDED_AVAILABILITY = YES_AGGRESSIVE;
				CLANG_WARN_UNREACHABLE_CODE = YES;
				CLANG_WARN__DUPLICATE_METHOD_MATCH = YES;
				COPY_PHASE_STRIP = NO;
				DEBUG_INFORMATION_FORMAT = dwarf;
				ENABLE_STRICT_OBJC_MSGSEND = YES;
				ENABLE_TESTABILITY = YES;
				GCC_C_LANGUAGE_STANDARD = gnu11;
				GCC_DYNAMIC_NO_PIC = NO;
				GCC_NO_COMMON_BLOCKS = YES;
				GCC_OPTIMIZATION_LEVEL = 0;
				GCC_PREPROCESSOR_DEFINITIONS = (
					"DEBUG=1",
					"$(inherited)",
				);
				GCC_WARN_64_TO_32_BIT_CONVERSION = YES;
				GCC_WARN_ABOUT_RETURN_TYPE = YES_ERROR;
				GCC_WARN_UNDECLARED_SELECTOR = YES;
				GCC_WARN_UNINITIALIZED_AUTOS = YES_AGGRESSIVE;
				GCC_WARN_UNUSED_FUNCTION = YES;
				GCC_WARN_UNUSED_VARIABLE = YES;
				IPHONEOS_DEPLOYMENT_TARGET = 13.1;
				MTL_ENABLE_DEBUG_INFO = INCLUDE_SOURCE;
				MTL_FAST_MATH = YES;
				ONLY_ACTIVE_ARCH = YES;
				SDKROOT = iphoneos;
				SWIFT_ACTIVE_COMPILATION_CONDITIONS = DEBUG;
				SWIFT_OPTIMIZATION_LEVEL = "-Onone";
			};
			name = Debug;
		};
		6B6D9EC523527895001BF857 /* Release */ = {
			isa = XCBuildConfiguration;
			buildSettings = {
				ALWAYS_SEARCH_USER_PATHS = NO;
				CLANG_ANALYZER_NONNULL = YES;
				CLANG_ANALYZER_NUMBER_OBJECT_CONVERSION = YES_AGGRESSIVE;
				CLANG_CXX_LANGUAGE_STANDARD = "gnu++14";
				CLANG_CXX_LIBRARY = "libc++";
				CLANG_ENABLE_MODULES = YES;
				CLANG_ENABLE_OBJC_ARC = YES;
				CLANG_ENABLE_OBJC_WEAK = YES;
				CLANG_WARN_BLOCK_CAPTURE_AUTORELEASING = YES;
				CLANG_WARN_BOOL_CONVERSION = YES;
				CLANG_WARN_COMMA = YES;
				CLANG_WARN_CONSTANT_CONVERSION = YES;
				CLANG_WARN_DEPRECATED_OBJC_IMPLEMENTATIONS = YES;
				CLANG_WARN_DIRECT_OBJC_ISA_USAGE = YES_ERROR;
				CLANG_WARN_DOCUMENTATION_COMMENTS = YES;
				CLANG_WARN_EMPTY_BODY = YES;
				CLANG_WARN_ENUM_CONVERSION = YES;
				CLANG_WARN_INFINITE_RECURSION = YES;
				CLANG_WARN_INT_CONVERSION = YES;
				CLANG_WARN_NON_LITERAL_NULL_CONVERSION = YES;
				CLANG_WARN_OBJC_IMPLICIT_RETAIN_SELF = YES;
				CLANG_WARN_OBJC_LITERAL_CONVERSION = YES;
				CLANG_WARN_OBJC_ROOT_CLASS = YES_ERROR;
				CLANG_WARN_RANGE_LOOP_ANALYSIS = YES;
				CLANG_WARN_STRICT_PROTOTYPES = YES;
				CLANG_WARN_SUSPICIOUS_MOVE = YES;
				CLANG_WARN_UNGUARDED_AVAILABILITY = YES_AGGRESSIVE;
				CLANG_WARN_UNREACHABLE_CODE = YES;
				CLANG_WARN__DUPLICATE_METHOD_MATCH = YES;
				COPY_PHASE_STRIP = NO;
				DEBUG_INFORMATION_FORMAT = "dwarf-with-dsym";
				ENABLE_NS_ASSERTIONS = NO;
				ENABLE_STRICT_OBJC_MSGSEND = YES;
				GCC_C_LANGUAGE_STANDARD = gnu11;
				GCC_NO_COMMON_BLOCKS = YES;
				GCC_WARN_64_TO_32_BIT_CONVERSION = YES;
				GCC_WARN_ABOUT_RETURN_TYPE = YES_ERROR;
				GCC_WARN_UNDECLARED_SELECTOR = YES;
				GCC_WARN_UNINITIALIZED_AUTOS = YES_AGGRESSIVE;
				GCC_WARN_UNUSED_FUNCTION = YES;
				GCC_WARN_UNUSED_VARIABLE = YES;
				IPHONEOS_DEPLOYMENT_TARGET = 13.1;
				MTL_ENABLE_DEBUG_INFO = NO;
				MTL_FAST_MATH = YES;
				SDKROOT = iphoneos;
				SWIFT_COMPILATION_MODE = wholemodule;
				SWIFT_OPTIMIZATION_LEVEL = "-O";
				VALIDATE_PRODUCT = YES;
			};
			name = Release;
		};
		6B6D9EC723527895001BF857 /* Debug */ = {
			isa = XCBuildConfiguration;
			buildSettings = {
				ASSETCATALOG_COMPILER_APPICON_NAME = AppIcon;
				CODE_SIGN_STYLE = Automatic;
				DEVELOPMENT_ASSET_PATHS = "\"trackr/Preview Content\"";
				ENABLE_PREVIEWS = YES;
				INFOPLIST_FILE = trackr/Info.plist;
				LD_RUNPATH_SEARCH_PATHS = (
					"$(inherited)",
					"@executable_path/Frameworks",
				);
				PRODUCT_BUNDLE_IDENTIFIER = "ian-campbell.trackr";
				PRODUCT_NAME = "$(TARGET_NAME)";
				SWIFT_VERSION = 5.0;
				TARGETED_DEVICE_FAMILY = "1,2";
			};
			name = Debug;
		};
		6B6D9EC823527895001BF857 /* Release */ = {
			isa = XCBuildConfiguration;
			buildSettings = {
				ASSETCATALOG_COMPILER_APPICON_NAME = AppIcon;
				CODE_SIGN_STYLE = Automatic;
				DEVELOPMENT_ASSET_PATHS = "\"trackr/Preview Content\"";
				ENABLE_PREVIEWS = YES;
				INFOPLIST_FILE = trackr/Info.plist;
				LD_RUNPATH_SEARCH_PATHS = (
					"$(inherited)",
					"@executable_path/Frameworks",
				);
				PRODUCT_BUNDLE_IDENTIFIER = "ian-campbell.trackr";
				PRODUCT_NAME = "$(TARGET_NAME)";
				SWIFT_VERSION = 5.0;
				TARGETED_DEVICE_FAMILY = "1,2";
			};
			name = Release;
		};
		6B6D9ECA23527895001BF857 /* Debug */ = {
			isa = XCBuildConfiguration;
			buildSettings = {
				ALWAYS_EMBED_SWIFT_STANDARD_LIBRARIES = YES;
				BUNDLE_LOADER = "$(TEST_HOST)";
				CODE_SIGN_STYLE = Automatic;
				INFOPLIST_FILE = trackrTests/Info.plist;
				IPHONEOS_DEPLOYMENT_TARGET = 13.1;
				LD_RUNPATH_SEARCH_PATHS = (
					"$(inherited)",
					"@executable_path/Frameworks",
					"@loader_path/Frameworks",
				);
				PRODUCT_BUNDLE_IDENTIFIER = "ian-campbell.trackrTests";
				PRODUCT_NAME = "$(TARGET_NAME)";
				SWIFT_VERSION = 5.0;
				TARGETED_DEVICE_FAMILY = "1,2";
				TEST_HOST = "$(BUILT_PRODUCTS_DIR)/trackr.app/trackr";
			};
			name = Debug;
		};
		6B6D9ECB23527895001BF857 /* Release */ = {
			isa = XCBuildConfiguration;
			buildSettings = {
				ALWAYS_EMBED_SWIFT_STANDARD_LIBRARIES = YES;
				BUNDLE_LOADER = "$(TEST_HOST)";
				CODE_SIGN_STYLE = Automatic;
				INFOPLIST_FILE = trackrTests/Info.plist;
				IPHONEOS_DEPLOYMENT_TARGET = 13.1;
				LD_RUNPATH_SEARCH_PATHS = (
					"$(inherited)",
					"@executable_path/Frameworks",
					"@loader_path/Frameworks",
				);
				PRODUCT_BUNDLE_IDENTIFIER = "ian-campbell.trackrTests";
				PRODUCT_NAME = "$(TARGET_NAME)";
				SWIFT_VERSION = 5.0;
				TARGETED_DEVICE_FAMILY = "1,2";
				TEST_HOST = "$(BUILT_PRODUCTS_DIR)/trackr.app/trackr";
			};
			name = Release;
		};
		6B6D9ECD23527895001BF857 /* Debug */ = {
			isa = XCBuildConfiguration;
			buildSettings = {
				ALWAYS_EMBED_SWIFT_STANDARD_LIBRARIES = YES;
				CODE_SIGN_STYLE = Automatic;
				INFOPLIST_FILE = trackrUITests/Info.plist;
				LD_RUNPATH_SEARCH_PATHS = (
					"$(inherited)",
					"@executable_path/Frameworks",
					"@loader_path/Frameworks",
				);
				PRODUCT_BUNDLE_IDENTIFIER = "ian-campbell.trackrUITests";
				PRODUCT_NAME = "$(TARGET_NAME)";
				SWIFT_VERSION = 5.0;
				TARGETED_DEVICE_FAMILY = "1,2";
				TEST_TARGET_NAME = trackr;
			};
			name = Debug;
		};
		6B6D9ECE23527895001BF857 /* Release */ = {
			isa = XCBuildConfiguration;
			buildSettings = {
				ALWAYS_EMBED_SWIFT_STANDARD_LIBRARIES = YES;
				CODE_SIGN_STYLE = Automatic;
				INFOPLIST_FILE = trackrUITests/Info.plist;
				LD_RUNPATH_SEARCH_PATHS = (
					"$(inherited)",
					"@executable_path/Frameworks",
					"@loader_path/Frameworks",
				);
				PRODUCT_BUNDLE_IDENTIFIER = "ian-campbell.trackrUITests";
				PRODUCT_NAME = "$(TARGET_NAME)";
				SWIFT_VERSION = 5.0;
				TARGETED_DEVICE_FAMILY = "1,2";
				TEST_TARGET_NAME = trackr;
			};
			name = Release;
		};
/* End XCBuildConfiguration section */

/* Begin XCConfigurationList section */
		6B6D9E9723527893001BF857 /* Build configuration list for PBXProject "trackr" */ = {
			isa = XCConfigurationList;
			buildConfigurations = (
				6B6D9EC423527895001BF857 /* Debug */,
				6B6D9EC523527895001BF857 /* Release */,
			);
			defaultConfigurationIsVisible = 0;
			defaultConfigurationName = Release;
		};
		6B6D9EC623527895001BF857 /* Build configuration list for PBXNativeTarget "trackr" */ = {
			isa = XCConfigurationList;
			buildConfigurations = (
				6B6D9EC723527895001BF857 /* Debug */,
				6B6D9EC823527895001BF857 /* Release */,
			);
			defaultConfigurationIsVisible = 0;
			defaultConfigurationName = Release;
		};
		6B6D9EC923527895001BF857 /* Build configuration list for PBXNativeTarget "trackrTests" */ = {
			isa = XCConfigurationList;
			buildConfigurations = (
				6B6D9ECA23527895001BF857 /* Debug */,
				6B6D9ECB23527895001BF857 /* Release */,
			);
			defaultConfigurationIsVisible = 0;
			defaultConfigurationName = Release;
		};
		6B6D9ECC23527895001BF857 /* Build configuration list for PBXNativeTarget "trackrUITests" */ = {
			isa = XCConfigurationList;
			buildConfigurations = (
				6B6D9ECD23527895001BF857 /* Debug */,
				6B6D9ECE23527895001BF857 /* Release */,
			);
			defaultConfigurationIsVisible = 0;
			defaultConfigurationName = Release;
		};
/* End XCConfigurationList section */
	};
	rootObject = 6B6D9E9423527893001BF857 /* Project object */;
}
